
Microsoft Visual Studio Solution File, Format Version 12.00
# Visual Studio Version 17
VisualStudioVersion = 17.13.35931.197 d17.13
MinimumVisualStudioVersion = 10.0.40219.1
Project("{FAE04EC0-301F-11D3-BF4B-00C04F79EFBC}") = "backend-devops", "backend-devops.csproj", "{0C60E953-819F-4923-9738-D53DC06DE5FF}"
EndProject
Global
	GlobalSection(SolutionConfigurationPlatforms) = preSolution
		Debug|Any CPU = Debug|Any CPU
		Release|Any CPU = Release|Any CPU
	EndGlobalSection
	GlobalSection(ProjectConfigurationPlatforms) = postSolution
		{0C60E953-819F-4923-9738-D53DC06DE5FF}.Debug|Any CPU.ActiveCfg = Debug|Any CPU
		{0C60E953-819F-4923-9738-D53DC06DE5FF}.Debug|Any CPU.Build.0 = Debug|Any CPU
		{0C60E953-819F-4923-9738-D53DC06DE5FF}.Release|Any CPU.ActiveCfg = Release|Any CPU
		{0C60E953-819F-4923-9738-D53DC06DE5FF}.Release|Any CPU.Build.0 = Release|Any CPU
	EndGlobalSection
	GlobalSection(SolutionProperties) = preSolution
		HideSolutionNode = FALSE
	EndGlobalSection
	GlobalSection(ExtensibilityGlobals) = postSolution
		SolutionGuid = {DCEAF9B2-643E-45A0-BA62-1D228E4A1937}
	EndGlobalSection
EndGlobal
